
Microsoft Visual Studio Solution File, Format Version 12.00
# Visual Studio Version 17
VisualStudioVersion = 17.7.34003.232
MinimumVisualStudioVersion = 10.0.40219.1
Project("{9A19103F-16F7-4668-BE54-9A1E7A4F7556}") = "Back.Api", "Back.Api\Back.Api.csproj", "{10A3D4F8-185F-473B-AB2B-29063E317D46}"
EndProject
Project("{9A19103F-16F7-4668-BE54-9A1E7A4F7556}") = "Back.Application", "Back.Application\Back.Application.csproj", "{44002231-E3F3-400A-A05A-98AE6713DEB9}"
EndProject
Project("{9A19103F-16F7-4668-BE54-9A1E7A4F7556}") = "Back.Contracts", "Back.Contracts\Back.Contracts.csproj", "{E2C29A87-DA38-4061-9F42-289E15775254}"
EndProject
Project("{9A19103F-16F7-4668-BE54-9A1E7A4F7556}") = "Identity.Api", "Helpers\Identity.Api\Identity.Api.csproj", "{390933A6-0643-4E60-82B8-A7B5191C6DB4}"
EndProject
Project("{FAE04EC0-301F-11D3-BF4B-00C04F79EFBC}") = "Back.Application.Tests.Unit", "Back.Application.Tests.Unit\Back.Application.Tests.Unit.csproj", "{6356F49B-0136-4EAC-8181-2FBF8548FA88}"
EndProject
Global
	GlobalSection(SolutionConfigurationPlatforms) = preSolution
		Debug|Any CPU = Debug|Any CPU
		Release|Any CPU = Release|Any CPU
	EndGlobalSection
	GlobalSection(ProjectConfigurationPlatforms) = postSolution
		{10A3D4F8-185F-473B-AB2B-29063E317D46}.Debug|Any CPU.ActiveCfg = Debug|Any CPU
		{10A3D4F8-185F-473B-AB2B-29063E317D46}.Debug|Any CPU.Build.0 = Debug|Any CPU
		{10A3D4F8-185F-473B-AB2B-29063E317D46}.Release|Any CPU.ActiveCfg = Release|Any CPU
		{10A3D4F8-185F-473B-AB2B-29063E317D46}.Release|Any CPU.Build.0 = Release|Any CPU
		{44002231-E3F3-400A-A05A-98AE6713DEB9}.Debug|Any CPU.ActiveCfg = Debug|Any CPU
		{44002231-E3F3-400A-A05A-98AE6713DEB9}.Debug|Any CPU.Build.0 = Debug|Any CPU
		{44002231-E3F3-400A-A05A-98AE6713DEB9}.Release|Any CPU.ActiveCfg = Release|Any CPU
		{44002231-E3F3-400A-A05A-98AE6713DEB9}.Release|Any CPU.Build.0 = Release|Any CPU
		{E2C29A87-DA38-4061-9F42-289E15775254}.Debug|Any CPU.ActiveCfg = Debug|Any CPU
		{E2C29A87-DA38-4061-9F42-289E15775254}.Debug|Any CPU.Build.0 = Debug|Any CPU
		{E2C29A87-DA38-4061-9F42-289E15775254}.Release|Any CPU.ActiveCfg = Release|Any CPU
		{E2C29A87-DA38-4061-9F42-289E15775254}.Release|Any CPU.Build.0 = Release|Any CPU
		{390933A6-0643-4E60-82B8-A7B5191C6DB4}.Debug|Any CPU.ActiveCfg = Debug|Any CPU
		{390933A6-0643-4E60-82B8-A7B5191C6DB4}.Debug|Any CPU.Build.0 = Debug|Any CPU
		{390933A6-0643-4E60-82B8-A7B5191C6DB4}.Release|Any CPU.ActiveCfg = Release|Any CPU
		{390933A6-0643-4E60-82B8-A7B5191C6DB4}.Release|Any CPU.Build.0 = Release|Any CPU
		{6356F49B-0136-4EAC-8181-2FBF8548FA88}.Debug|Any CPU.ActiveCfg = Debug|Any CPU
		{6356F49B-0136-4EAC-8181-2FBF8548FA88}.Debug|Any CPU.Build.0 = Debug|Any CPU
		{6356F49B-0136-4EAC-8181-2FBF8548FA88}.Release|Any CPU.ActiveCfg = Release|Any CPU
		{6356F49B-0136-4EAC-8181-2FBF8548FA88}.Release|Any CPU.Build.0 = Release|Any CPU
	EndGlobalSection
	GlobalSection(SolutionProperties) = preSolution
		HideSolutionNode = FALSE
	EndGlobalSection
	GlobalSection(ExtensibilityGlobals) = postSolution
		SolutionGuid = {0CCD73A7-94A3-4C33-8DDD-F26CD014273B}
	EndGlobalSection
EndGlobal
